
Microsoft Visual Studio Solution File, Format Version 12.00
# Visual Studio 2013
VisualStudioVersion = 12.0.30110.0
MinimumVisualStudioVersion = 10.0.40219.1
Project("{FAE04EC0-301F-11D3-BF4B-00C04F79EFBC}") = "Raging.Data.ReverseEngineering.EntityFramework", "Raging.Data.ReverseEngineering.EntityFramework\Raging.Data.ReverseEngineering.EntityFramework.csproj", "{F8B72C61-2961-403F-8A53-5DDE2D98BD81}"
EndProject
Project("{FAE04EC0-301F-11D3-BF4B-00C04F79EFBC}") = "Raging.Data.ReverseEngineering.EntityFramework.Tests", "Raging.Data.ReverseEngineering.EntityFramework.Tests\Raging.Data.ReverseEngineering.EntityFramework.Tests.csproj", "{7EF6E9D0-6856-4855-B585-B8349757291C}"
EndProject
Project("{FAE04EC0-301F-11D3-BF4B-00C04F79EFBC}") = "Raging.Toolbox.Testing.NUnit.FakeItEasy", "Raging.Toolbox.Testing.NUnit.FakeItEasy\Raging.Toolbox.Testing.NUnit.FakeItEasy.csproj", "{FC4768AA-B940-4363-A0B2-2A7033B40CA7}"
EndProject
Project("{FAE04EC0-301F-11D3-BF4B-00C04F79EFBC}") = "Raging.Data.Schema.SqlServer", "Raging.Data.Schema.SqlServer\Raging.Data.Schema.SqlServer.csproj", "{4FAA76C1-54BE-4BD6-8BF7-3DB6EF51A252}"
EndProject
Project("{FAE04EC0-301F-11D3-BF4B-00C04F79EFBC}") = "Raging.Data.Schema", "Raging.Data.Schema\Raging.Data.Schema.csproj", "{AABD4BF5-D2CF-4220-AC60-4DED5C34E286}"
EndProject
Project("{FAE04EC0-301F-11D3-BF4B-00C04F79EFBC}") = "Raging.Toolbox", "Raging.Toolbox\Raging.Toolbox.csproj", "{F44F456E-DEA7-48FA-88EB-DA317D5B964B}"
EndProject
Project("{FAE04EC0-301F-11D3-BF4B-00C04F79EFBC}") = "Raging.Data.ReverseEngineering.Configuration", "Raging.Data.ReverseEngineering.Configuration\Raging.Data.ReverseEngineering.Configuration.csproj", "{DA417A94-32E2-4501-A5D6-0EBE38CA8D51}"
EndProject
Project("{FAE04EC0-301F-11D3-BF4B-00C04F79EFBC}") = "Raging.Data.ReverseEngineering.Infrastructure", "Raging.Data.ReverseEngineering.Infrastructure\Raging.Data.ReverseEngineering.Infrastructure.csproj", "{986E8B0B-5BFC-4C8C-8BC3-C4DE40A0F341}"
EndProject
Project("{2150E333-8FDC-42A3-9474-1A3956D46DE8}") = "Toolbox", "Toolbox", "{B489384D-A899-4D55-9F49-34A26093A726}"
EndProject
Project("{FAE04EC0-301F-11D3-BF4B-00C04F79EFBC}") = "Raging.Data.Schema.SqlServer.Tests", "Raging.Data.Schema.SqlServer.Tests\Raging.Data.Schema.SqlServer.Tests.csproj", "{48F34F1B-4298-4774-A221-08D4C7C5EFE2}"
EndProject
Project("{2150E333-8FDC-42A3-9474-1A3956D46DE8}") = "Schema", "Schema", "{AD57AC86-C121-4034-8C17-3C83498FCA6A}"
EndProject
Project("{2150E333-8FDC-42A3-9474-1A3956D46DE8}") = "Core", "Core", "{F08E6825-1E5A-4FF7-AAA1-6CEACCF04C6A}"
EndProject
Project("{FAE04EC0-301F-11D3-BF4B-00C04F79EFBC}") = "Raging.Data.ReverseEngineering.Infrastructure.Tests", "Raging.Data.ReverseEngineering.Infrastructure.Tests\Raging.Data.ReverseEngineering.Infrastructure.Tests.csproj", "{8E252F65-8679-4B9A-A056-72B67BAFCEE5}"
EndProject
Project("{2150E333-8FDC-42A3-9474-1A3956D46DE8}") = "EntityFramework", "EntityFramework", "{7A55F984-D6F4-44FE-BDBB-A87ED10A6350}"
EndProject
Project("{FAE04EC0-301F-11D3-BF4B-00C04F79EFBC}") = "Raging.Data.ReverseEngineering", "Raging.Data.ReverseEngineering\Raging.Data.ReverseEngineering.csproj", "{341D269A-B594-4347-B0C3-59509B9C1939}"
EndProject
Project("{2150E333-8FDC-42A3-9474-1A3956D46DE8}") = "Samples", "Samples", "{91002206-C370-4F32-94AB-A1E2445F708E}"
EndProject
Project("{FAE04EC0-301F-11D3-BF4B-00C04F79EFBC}") = "SampleDatabase.EntityFramework.PowerTools", "SampleDatabase.EntityFramework.PowerTools\SampleDatabase.EntityFramework.PowerTools.csproj", "{711BF369-0AB1-4078-A085-6B9AEE2955A9}"
EndProject
Project("{FAE04EC0-301F-11D3-BF4B-00C04F79EFBC}") = "SampleDatabase.EntityFramework", "SampleDatabase.EntityFramework\SampleDatabase.EntityFramework.csproj", "{0BD2662B-F68E-4421-A5D6-1155BDC96DA3}"
EndProject
Global
	GlobalSection(SolutionConfigurationPlatforms) = preSolution
		Debug|Any CPU = Debug|Any CPU
		Release|Any CPU = Release|Any CPU
	EndGlobalSection
	GlobalSection(ProjectConfigurationPlatforms) = postSolution
		{F8B72C61-2961-403F-8A53-5DDE2D98BD81}.Debug|Any CPU.ActiveCfg = Debug|Any CPU
		{F8B72C61-2961-403F-8A53-5DDE2D98BD81}.Debug|Any CPU.Build.0 = Debug|Any CPU
		{F8B72C61-2961-403F-8A53-5DDE2D98BD81}.Release|Any CPU.ActiveCfg = Release|Any CPU
		{F8B72C61-2961-403F-8A53-5DDE2D98BD81}.Release|Any CPU.Build.0 = Release|Any CPU
		{7EF6E9D0-6856-4855-B585-B8349757291C}.Debug|Any CPU.ActiveCfg = Debug|Any CPU
		{7EF6E9D0-6856-4855-B585-B8349757291C}.Debug|Any CPU.Build.0 = Debug|Any CPU
		{7EF6E9D0-6856-4855-B585-B8349757291C}.Release|Any CPU.ActiveCfg = Release|Any CPU
		{7EF6E9D0-6856-4855-B585-B8349757291C}.Release|Any CPU.Build.0 = Release|Any CPU
		{FC4768AA-B940-4363-A0B2-2A7033B40CA7}.Debug|Any CPU.ActiveCfg = Debug|Any CPU
		{FC4768AA-B940-4363-A0B2-2A7033B40CA7}.Debug|Any CPU.Build.0 = Debug|Any CPU
		{FC4768AA-B940-4363-A0B2-2A7033B40CA7}.Release|Any CPU.ActiveCfg = Release|Any CPU
		{FC4768AA-B940-4363-A0B2-2A7033B40CA7}.Release|Any CPU.Build.0 = Release|Any CPU
		{4FAA76C1-54BE-4BD6-8BF7-3DB6EF51A252}.Debug|Any CPU.ActiveCfg = Debug|Any CPU
		{4FAA76C1-54BE-4BD6-8BF7-3DB6EF51A252}.Debug|Any CPU.Build.0 = Debug|Any CPU
		{4FAA76C1-54BE-4BD6-8BF7-3DB6EF51A252}.Release|Any CPU.ActiveCfg = Release|Any CPU
		{4FAA76C1-54BE-4BD6-8BF7-3DB6EF51A252}.Release|Any CPU.Build.0 = Release|Any CPU
		{AABD4BF5-D2CF-4220-AC60-4DED5C34E286}.Debug|Any CPU.ActiveCfg = Debug|Any CPU
		{AABD4BF5-D2CF-4220-AC60-4DED5C34E286}.Debug|Any CPU.Build.0 = Debug|Any CPU
		{AABD4BF5-D2CF-4220-AC60-4DED5C34E286}.Release|Any CPU.ActiveCfg = Release|Any CPU
		{AABD4BF5-D2CF-4220-AC60-4DED5C34E286}.Release|Any CPU.Build.0 = Release|Any CPU
		{F44F456E-DEA7-48FA-88EB-DA317D5B964B}.Debug|Any CPU.ActiveCfg = Debug|Any CPU
		{F44F456E-DEA7-48FA-88EB-DA317D5B964B}.Debug|Any CPU.Build.0 = Debug|Any CPU
		{F44F456E-DEA7-48FA-88EB-DA317D5B964B}.Release|Any CPU.ActiveCfg = Release|Any CPU
		{F44F456E-DEA7-48FA-88EB-DA317D5B964B}.Release|Any CPU.Build.0 = Release|Any CPU
		{DA417A94-32E2-4501-A5D6-0EBE38CA8D51}.Debug|Any CPU.ActiveCfg = Debug|Any CPU
		{DA417A94-32E2-4501-A5D6-0EBE38CA8D51}.Debug|Any CPU.Build.0 = Debug|Any CPU
		{DA417A94-32E2-4501-A5D6-0EBE38CA8D51}.Release|Any CPU.ActiveCfg = Release|Any CPU
		{DA417A94-32E2-4501-A5D6-0EBE38CA8D51}.Release|Any CPU.Build.0 = Release|Any CPU
		{986E8B0B-5BFC-4C8C-8BC3-C4DE40A0F341}.Debug|Any CPU.ActiveCfg = Debug|Any CPU
		{986E8B0B-5BFC-4C8C-8BC3-C4DE40A0F341}.Debug|Any CPU.Build.0 = Debug|Any CPU
		{986E8B0B-5BFC-4C8C-8BC3-C4DE40A0F341}.Release|Any CPU.ActiveCfg = Release|Any CPU
		{986E8B0B-5BFC-4C8C-8BC3-C4DE40A0F341}.Release|Any CPU.Build.0 = Release|Any CPU
		{48F34F1B-4298-4774-A221-08D4C7C5EFE2}.Debug|Any CPU.ActiveCfg = Debug|Any CPU
		{48F34F1B-4298-4774-A221-08D4C7C5EFE2}.Debug|Any CPU.Build.0 = Debug|Any CPU
		{48F34F1B-4298-4774-A221-08D4C7C5EFE2}.Release|Any CPU.ActiveCfg = Release|Any CPU
		{48F34F1B-4298-4774-A221-08D4C7C5EFE2}.Release|Any CPU.Build.0 = Release|Any CPU
		{8E252F65-8679-4B9A-A056-72B67BAFCEE5}.Debug|Any CPU.ActiveCfg = Debug|Any CPU
		{8E252F65-8679-4B9A-A056-72B67BAFCEE5}.Debug|Any CPU.Build.0 = Debug|Any CPU
		{8E252F65-8679-4B9A-A056-72B67BAFCEE5}.Release|Any CPU.ActiveCfg = Release|Any CPU
		{8E252F65-8679-4B9A-A056-72B67BAFCEE5}.Release|Any CPU.Build.0 = Release|Any CPU
		{341D269A-B594-4347-B0C3-59509B9C1939}.Debug|Any CPU.ActiveCfg = Debug|Any CPU
		{341D269A-B594-4347-B0C3-59509B9C1939}.Debug|Any CPU.Build.0 = Debug|Any CPU
		{341D269A-B594-4347-B0C3-59509B9C1939}.Release|Any CPU.ActiveCfg = Release|Any CPU
		{341D269A-B594-4347-B0C3-59509B9C1939}.Release|Any CPU.Build.0 = Release|Any CPU
		{711BF369-0AB1-4078-A085-6B9AEE2955A9}.Debug|Any CPU.ActiveCfg = Debug|Any CPU
		{711BF369-0AB1-4078-A085-6B9AEE2955A9}.Debug|Any CPU.Build.0 = Debug|Any CPU
		{711BF369-0AB1-4078-A085-6B9AEE2955A9}.Release|Any CPU.ActiveCfg = Release|Any CPU
		{711BF369-0AB1-4078-A085-6B9AEE2955A9}.Release|Any CPU.Build.0 = Release|Any CPU
		{0BD2662B-F68E-4421-A5D6-1155BDC96DA3}.Debug|Any CPU.ActiveCfg = Debug|Any CPU
		{0BD2662B-F68E-4421-A5D6-1155BDC96DA3}.Debug|Any CPU.Build.0 = Debug|Any CPU
		{0BD2662B-F68E-4421-A5D6-1155BDC96DA3}.Release|Any CPU.ActiveCfg = Release|Any CPU
		{0BD2662B-F68E-4421-A5D6-1155BDC96DA3}.Release|Any CPU.Build.0 = Release|Any CPU
	EndGlobalSection
	GlobalSection(SolutionProperties) = preSolution
		HideSolutionNode = FALSE
	EndGlobalSection
	GlobalSection(NestedProjects) = preSolution
		{7EF6E9D0-6856-4855-B585-B8349757291C} = {7A55F984-D6F4-44FE-BDBB-A87ED10A6350}
		{F8B72C61-2961-403F-8A53-5DDE2D98BD81} = {7A55F984-D6F4-44FE-BDBB-A87ED10A6350}
		{F44F456E-DEA7-48FA-88EB-DA317D5B964B} = {B489384D-A899-4D55-9F49-34A26093A726}
		{FC4768AA-B940-4363-A0B2-2A7033B40CA7} = {B489384D-A899-4D55-9F49-34A26093A726}
		{AABD4BF5-D2CF-4220-AC60-4DED5C34E286} = {AD57AC86-C121-4034-8C17-3C83498FCA6A}
		{48F34F1B-4298-4774-A221-08D4C7C5EFE2} = {AD57AC86-C121-4034-8C17-3C83498FCA6A}
		{4FAA76C1-54BE-4BD6-8BF7-3DB6EF51A252} = {AD57AC86-C121-4034-8C17-3C83498FCA6A}
		{986E8B0B-5BFC-4C8C-8BC3-C4DE40A0F341} = {F08E6825-1E5A-4FF7-AAA1-6CEACCF04C6A}
		{DA417A94-32E2-4501-A5D6-0EBE38CA8D51} = {F08E6825-1E5A-4FF7-AAA1-6CEACCF04C6A}
		{8E252F65-8679-4B9A-A056-72B67BAFCEE5} = {F08E6825-1E5A-4FF7-AAA1-6CEACCF04C6A}
		{341D269A-B594-4347-B0C3-59509B9C1939} = {F08E6825-1E5A-4FF7-AAA1-6CEACCF04C6A}
		{711BF369-0AB1-4078-A085-6B9AEE2955A9} = {91002206-C370-4F32-94AB-A1E2445F708E}
		{0BD2662B-F68E-4421-A5D6-1155BDC96DA3} = {91002206-C370-4F32-94AB-A1E2445F708E}
	EndGlobalSection
EndGlobal
